
Microsoft Visual Studio Solution File, Format Version 12.00
# Visual Studio 15
VisualStudioVersion = 15.0.26430.16
MinimumVisualStudioVersion = 10.0.40219.1
Project("{8BC9CEB8-8B4A-11D0-8D11-00A0C91BC942}") = "opencv_set_3_2_0", "opencv_set_3_2_0.vcxproj", "{499355AE-6361-463E-A1ED-56DFA6BF3211}"
EndProject
Global
	GlobalSection(SolutionConfigurationPlatforms) = preSolution
		Debug|x64 = Debug|x64
		Debug|x86 = Debug|x86
		Release|x64 = Release|x64
		Release|x86 = Release|x86
	EndGlobalSection
	GlobalSection(ProjectConfigurationPlatforms) = postSolution
		{499355AE-6361-463E-A1ED-56DFA6BF3211}.Debug|x64.ActiveCfg = Debug|x64
		{499355AE-6361-463E-A1ED-56DFA6BF3211}.Debug|x64.Build.0 = Debug|x64
		{499355AE-6361-463E-A1ED-56DFA6BF3211}.Debug|x86.ActiveCfg = Debug|Win32
		{499355AE-6361-463E-A1ED-56DFA6BF3211}.Debug|x86.Build.0 = Debug|Win32
		{499355AE-6361-463E-A1ED-56DFA6BF3211}.Release|x64.ActiveCfg = Release|x64
		{499355AE-6361-463E-A1ED-56DFA6BF3211}.Release|x64.Build.0 = Release|x64
		{499355AE-6361-463E-A1ED-56DFA6BF3211}.Release|x86.ActiveCfg = Release|Win32
		{499355AE-6361-463E-A1ED-56DFA6BF3211}.Release|x86.Build.0 = Release|Win32
	EndGlobalSection
	GlobalSection(SolutionProperties) = preSolution
		HideSolutionNode = FALSE
	EndGlobalSection
EndGlobal
